
Microsoft Visual Studio Solution File, Format Version 12.00
# Visual Studio Version 16
VisualStudioVersion = 16.0.29503.13
MinimumVisualStudioVersion = 15.0.26124.0
Project("{9A19103F-16F7-4668-BE54-9A1E7A4F7556}") = "LinqStuff", "LinqStuff\LinqStuff.csproj", "{D9300B8A-293D-451C-85FD-9385B3D5DCC2}"
EndProject
Project("{9A19103F-16F7-4668-BE54-9A1E7A4F7556}") = "LinqStuff.Tests", "LinqStuff.Tests\LinqStuff.Tests.csproj", "{DE2BDCCF-68B7-4595-81C9-EE39DEB535A9}"
EndProject
Global
	GlobalSection(SolutionConfigurationPlatforms) = preSolution
		Debug|Any CPU = Debug|Any CPU
		Debug|x64 = Debug|x64
		Debug|x86 = Debug|x86
		Release|Any CPU = Release|Any CPU
		Release|x64 = Release|x64
		Release|x86 = Release|x86
	EndGlobalSection
	GlobalSection(ProjectConfigurationPlatforms) = postSolution
		{D9300B8A-293D-451C-85FD-9385B3D5DCC2}.Debug|Any CPU.ActiveCfg = Debug|Any CPU
		{D9300B8A-293D-451C-85FD-9385B3D5DCC2}.Debug|Any CPU.Build.0 = Debug|Any CPU
		{D9300B8A-293D-451C-85FD-9385B3D5DCC2}.Debug|x64.ActiveCfg = Debug|Any CPU
		{D9300B8A-293D-451C-85FD-9385B3D5DCC2}.Debug|x64.Build.0 = Debug|Any CPU
		{D9300B8A-293D-451C-85FD-9385B3D5DCC2}.Debug|x86.ActiveCfg = Debug|Any CPU
		{D9300B8A-293D-451C-85FD-9385B3D5DCC2}.Debug|x86.Build.0 = Debug|Any CPU
		{D9300B8A-293D-451C-85FD-9385B3D5DCC2}.Release|Any CPU.ActiveCfg = Release|Any CPU
		{D9300B8A-293D-451C-85FD-9385B3D5DCC2}.Release|Any CPU.Build.0 = Release|Any CPU
		{D9300B8A-293D-451C-85FD-9385B3D5DCC2}.Release|x64.ActiveCfg = Release|Any CPU
		{D9300B8A-293D-451C-85FD-9385B3D5DCC2}.Release|x64.Build.0 = Release|Any CPU
		{D9300B8A-293D-451C-85FD-9385B3D5DCC2}.Release|x86.ActiveCfg = Release|Any CPU
		{D9300B8A-293D-451C-85FD-9385B3D5DCC2}.Release|x86.Build.0 = Release|Any CPU
		{DE2BDCCF-68B7-4595-81C9-EE39DEB535A9}.Debug|Any CPU.ActiveCfg = Debug|Any CPU
		{DE2BDCCF-68B7-4595-81C9-EE39DEB535A9}.Debug|Any CPU.Build.0 = Debug|Any CPU
		{DE2BDCCF-68B7-4595-81C9-EE39DEB535A9}.Debug|x64.ActiveCfg = Debug|Any CPU
		{DE2BDCCF-68B7-4595-81C9-EE39DEB535A9}.Debug|x64.Build.0 = Debug|Any CPU
		{DE2BDCCF-68B7-4595-81C9-EE39DEB535A9}.Debug|x86.ActiveCfg = Debug|Any CPU
		{DE2BDCCF-68B7-4595-81C9-EE39DEB535A9}.Debug|x86.Build.0 = Debug|Any CPU
		{DE2BDCCF-68B7-4595-81C9-EE39DEB535A9}.Release|Any CPU.ActiveCfg = Release|Any CPU
		{DE2BDCCF-68B7-4595-81C9-EE39DEB535A9}.Release|Any CPU.Build.0 = Release|Any CPU
		{DE2BDCCF-68B7-4595-81C9-EE39DEB535A9}.Release|x64.ActiveCfg = Release|Any CPU
		{DE2BDCCF-68B7-4595-81C9-EE39DEB535A9}.Release|x64.Build.0 = Release|Any CPU
		{DE2BDCCF-68B7-4595-81C9-EE39DEB535A9}.Release|x86.ActiveCfg = Release|Any CPU
		{DE2BDCCF-68B7-4595-81C9-EE39DEB535A9}.Release|x86.Build.0 = Release|Any CPU
	EndGlobalSection
	GlobalSection(SolutionProperties) = preSolution
		HideSolutionNode = FALSE
	EndGlobalSection
	GlobalSection(ExtensibilityGlobals) = postSolution
		SolutionGuid = {678B068C-B30B-4D9C-B23E-131308BD6FEC}
	EndGlobalSection
EndGlobal
